{
  "name": "hello",
  "version": "0.1.0",
  "lockfileVersion": 2,
  "requires": true,
  "packages": {
    "": {
      "version": "0.1.0",
      "dependencies": {
        "@explorablegraph/eg": "npm:@explorablegraph/eg@0.0.1",
        "@explorablegraph/exfn": "npm:@explorablegraph/async@0.0.1"
      },
      "engines": {
        "node": "v14.15.0"
      }
    },
    "../explorable/packages/eg": {
      "version": "0.0.1",
      "dependencies": {
        "yaml": "1.10.0"
      },
      "bin": {
        "eg": "src/eg.js"
      },
      "devDependencies": {
        "chai": "4.2.0",
        "mocha": "8.2.1",
        "typescript": "4.1.2"
      }
    },
    "../explorable/packages/exfn": {
      "name": "@explorablegraph/async",
      "version": "0.0.1",
      "devDependencies": {
        "chai": "4.2.0",
        "mocha": "8.2.1",
        "typescript": "4.1.2"
      }
    },
    "node_modules/@explorablegraph/eg": {
      "resolved": "../explorable/packages/eg",
      "link": true
    },
    "node_modules/@explorablegraph/exfn": {
      "resolved": "../explorable/packages/exfn",
      "link": true
    }
  },
  "dependencies": {
    "@explorablegraph/eg": {
      "version": "file:../explorable/packages/eg",
      "requires": {
        "chai": "4.2.0",
        "mocha": "8.2.1",
        "typescript": "4.1.2",
        "yaml": "1.10.0"
      }
    },
    "@explorablegraph/exfn": {
      "version": "file:../explorable/packages/exfn",
      "requires": {
        "chai": "4.2.0",
        "mocha": "8.2.1",
        "typescript": "4.1.2"
      }
    }
  }
}
