{
  "name": "hello",
  "version": "0.0.1",
  "lockfileVersion": 2,
  "requires": true,
  "packages": {
    "": {
      "name": "hello",
      "version": "0.0.1",
      "dependencies": {
        "@explorablegraph/explorable": "github:ExplorableGraph/explorable#97590ef0",
        "node-fetch": "2.6.1"
      }
    },
    "../explorable": {
      "name": "@explorablegraph/explorable",
      "version": "0.0.1",
      "extraneous": true,
      "dependencies": {
        "yaml": "1.10.2"
      },
      "bin": {
        "eg": "src/eg/eg.js"
      },
      "devDependencies": {
        "@types/chai": "4.2.22",
        "@types/mocha": "9.0.0",
        "@types/node": "16.10.1",
        "chai": "4.3.4",
        "handlebars": "4.7.7",
        "mocha": "9.1.2",
        "typescript": "4.4.3"
      }
    },
    "node_modules/@explorablegraph/explorable": {
      "version": "0.0.1",
      "resolved": "git+ssh://git@github.com/ExplorableGraph/explorable.git#97590ef07b92fc0a2deaeb9595d0e1fad13e6ab0",
      "dependencies": {
        "yaml": "1.10.2"
      },
      "bin": {
        "eg": "src/eg/eg.js"
      }
    },
    "node_modules/node-fetch": {
      "version": "2.6.1",
      "license": "MIT",
      "engines": {
        "node": "4.x || >=6.0.0"
      }
    },
    "node_modules/yaml": {
      "version": "1.10.2",
      "resolved": "https://registry.npmjs.org/yaml/-/yaml-1.10.2.tgz",
      "integrity": "sha512-r3vXyErRCYJ7wg28yvBY5VSoAF8ZvlcW9/BwUzEtUsjvX/DKs24dIkuwjtuprwJJHsbyUbLApepYTR1BN4uHrg==",
      "engines": {
        "node": ">= 6"
      }
    }
  },
  "dependencies": {
    "@explorablegraph/explorable": {
      "version": "git+ssh://git@github.com/ExplorableGraph/explorable.git#97590ef07b92fc0a2deaeb9595d0e1fad13e6ab0",
      "from": "@explorablegraph/explorable@github:ExplorableGraph/explorable#97590ef0",
      "requires": {
        "yaml": "1.10.2"
      }
    },
    "node-fetch": {
      "version": "2.6.1"
    },
    "yaml": {
      "version": "1.10.2",
      "resolved": "https://registry.npmjs.org/yaml/-/yaml-1.10.2.tgz",
      "integrity": "sha512-r3vXyErRCYJ7wg28yvBY5VSoAF8ZvlcW9/BwUzEtUsjvX/DKs24dIkuwjtuprwJJHsbyUbLApepYTR1BN4uHrg=="
    }
  }
}
