{
  "name": "hello",
  "version": "0.0.1",
  "lockfileVersion": 2,
  "requires": true,
  "packages": {
    "": {
      "version": "0.0.1",
      "dependencies": {
        "@explorablegraph/explorable": "file:../explorable"
      },
      "engines": {
        "node": "v15.5.0"
      }
    },
    "../explorable": {
      "name": "@explorablegraph/explorable",
      "version": "0.0.1",
      "dependencies": {
        "yaml": "1.10.0"
      },
      "devDependencies": {
        "@types/chai": "4.2.14",
        "@types/mocha": "8.0.4",
        "chai": "4.2.0",
        "mocha": "8.2.1",
        "typescript": "4.2.3"
      }
    },
    "node_modules/@explorablegraph/explorable": {
      "resolved": "../explorable",
      "link": true
    }
  },
  "dependencies": {
    "@explorablegraph/explorable": {
      "version": "file:../explorable",
      "requires": {
        "@types/chai": "4.2.14",
        "@types/mocha": "8.0.4",
        "chai": "4.2.0",
        "mocha": "8.2.1",
        "typescript": "4.2.3",
        "yaml": "1.10.0"
      }
    }
  }
}
